
Microsoft Visual Studio Solution File, Format Version 12.00
# Visual Studio 15
VisualStudioVersion = 15.0.28010.2019
MinimumVisualStudioVersion = 10.0.40219.1
Project("{FAE04EC0-301F-11D3-BF4B-00C04F79EFBC}") = "Editor1", "Editor1\Editor1.csproj", "{742E8463-F985-48C5-9F84-84B35062891E}"
EndProject
Global
	GlobalSection(SolutionConfigurationPlatforms) = preSolution
		Debug|Any CPU = Debug|Any CPU
		Release|Any CPU = Release|Any CPU
	EndGlobalSection
	GlobalSection(ProjectConfigurationPlatforms) = postSolution
		{742E8463-F985-48C5-9F84-84B35062891E}.Debug|Any CPU.ActiveCfg = Debug|Any CPU
		{742E8463-F985-48C5-9F84-84B35062891E}.Debug|Any CPU.Build.0 = Debug|Any CPU
		{742E8463-F985-48C5-9F84-84B35062891E}.Release|Any CPU.ActiveCfg = Release|Any CPU
		{742E8463-F985-48C5-9F84-84B35062891E}.Release|Any CPU.Build.0 = Release|Any CPU
	EndGlobalSection
	GlobalSection(SolutionProperties) = preSolution
		HideSolutionNode = FALSE
	EndGlobalSection
	GlobalSection(ExtensibilityGlobals) = postSolution
		SolutionGuid = {22CC8E06-3952-4432-B2A8-0F796B966E13}
	EndGlobalSection
EndGlobal
